Microsoft Visual Studio Solution File, Format Version 12.00
# Visual Studio 2012
Project("{FAE04EC0-301F-11D3-BF4B-00C04F79EFBC}") = "Cavalcade", "Cavalcade.csproj", "{A3641629-DB4E-427E-A9A1-450F5C3D3FEC}"
EndProject
Global
	GlobalSection(SolutionConfigurationPlatforms) = preSolution
	Debug|Any CPU = Debug|Any CPU
	ExportDebug|Any CPU = ExportDebug|Any CPU
	ExportRelease|Any CPU = ExportRelease|Any CPU
	EndGlobalSection
	GlobalSection(ProjectConfigurationPlatforms) = postSolution
		{A3641629-DB4E-427E-A9A1-450F5C3D3FEC}.Debug|Any CPU.ActiveCfg = Debug|Any CPU
		{A3641629-DB4E-427E-A9A1-450F5C3D3FEC}.Debug|Any CPU.Build.0 = Debug|Any CPU
		{A3641629-DB4E-427E-A9A1-450F5C3D3FEC}.ExportDebug|Any CPU.ActiveCfg = ExportDebug|Any CPU
		{A3641629-DB4E-427E-A9A1-450F5C3D3FEC}.ExportDebug|Any CPU.Build.0 = ExportDebug|Any CPU
		{A3641629-DB4E-427E-A9A1-450F5C3D3FEC}.ExportRelease|Any CPU.ActiveCfg = ExportRelease|Any CPU
		{A3641629-DB4E-427E-A9A1-450F5C3D3FEC}.ExportRelease|Any CPU.Build.0 = ExportRelease|Any CPU
	EndGlobalSection
EndGlobal
